Microsoft Visual Studio Solution File, Format Version 8.00
Project("{8BC9CEB8-8B4A-11D0-8D11-00A0C91BC942}") = "libavg", "libavg.vcproj", "{7349EBA3-FD1D-4182-BEA2-EB431808D49F}"
	ProjectSection(ProjectDependencies) = postProject
	EndProjectSection
EndProject
Project("{8BC9CEB8-8B4A-11D0-8D11-00A0C91BC942}") = "base", "..\base\base.vcproj", "{A5E5EE79-6886-4218-BD5B-975789EA3C83}"
	ProjectSection(ProjectDependencies) = postProject
	EndProjectSection
EndProject
Global
	GlobalSection(SolutionConfiguration) = preSolution
		Debug = Debug
		Release = Release
	EndGlobalSection
	GlobalSection(ProjectDependencies) = postSolution
	EndGlobalSection
	GlobalSection(ProjectConfiguration) = postSolution
		{7349EBA3-FD1D-4182-BEA2-EB431808D49F}.Debug.ActiveCfg = Debug|Win32
		{7349EBA3-FD1D-4182-BEA2-EB431808D49F}.Debug.Build.0 = Debug|Win32
		{7349EBA3-FD1D-4182-BEA2-EB431808D49F}.Release.ActiveCfg = Release|Win32
		{7349EBA3-FD1D-4182-BEA2-EB431808D49F}.Release.Build.0 = Release|Win32
		{A5E5EE79-6886-4218-BD5B-975789EA3C83}.Debug.ActiveCfg = Debug|Win32
		{A5E5EE79-6886-4218-BD5B-975789EA3C83}.Debug.Build.0 = Debug|Win32
		{A5E5EE79-6886-4218-BD5B-975789EA3C83}.Release.ActiveCfg = Release|Win32
		{A5E5EE79-6886-4218-BD5B-975789EA3C83}.Release.Build.0 = Release|Win32
	EndGlobalSection
	GlobalSection(ExtensibilityGlobals) = postSolution
	EndGlobalSection
	GlobalSection(ExtensibilityAddIns) = postSolution
	EndGlobalSection
EndGlobal
