Microsoft Visual Studio Solution File, Format Version 8.00
Project("{8BC9CEB8-8B4A-11D0-8D11-00A0C91BC942}") = "libavg", "libavg.vcproj", "{7349EBA3-FD1D-4182-BEA2-EB431808D49F}"
	ProjectSection(ProjectDependencies) = postProject
	EndProjectSection
EndProject
Project("{8BC9CEB8-8B4A-11D0-8D11-00A0C91BC942}") = "base", "..\base\base.vcproj", "{A5E5EE79-6886-4218-BD5B-975789EA3C83}"
	ProjectSection(ProjectDependencies) = postProject
	EndProjectSection
EndProject
Project("{8BC9CEB8-8B4A-11D0-8D11-00A0C91BC942}") = "testbase", "..\testbase\testbase.vcproj", "{28FA31D3-7179-4719-B706-E9A2AB2A4868}"
	ProjectSection(ProjectDependencies) = postProject
		{A5E5EE79-6886-4218-BD5B-975789EA3C83} = {A5E5EE79-6886-4218-BD5B-975789EA3C83}
	EndProjectSection
EndProject
Project("{8BC9CEB8-8B4A-11D0-8D11-00A0C91BC942}") = "graphics", "..\graphics\graphics.vcproj", "{17E1B304-D55E-40BC-9F36-8D227C8CF7F3}"
	ProjectSection(ProjectDependencies) = postProject
		{A5E5EE79-6886-4218-BD5B-975789EA3C83} = {A5E5EE79-6886-4218-BD5B-975789EA3C83}
	EndProjectSection
EndProject
Project("{8BC9CEB8-8B4A-11D0-8D11-00A0C91BC942}") = "testgraphics", "..\testgraphics\testgraphics.vcproj", "{B9E97051-412B-4147-83A1-093138F00AE7}"
	ProjectSection(ProjectDependencies) = postProject
		{17E1B304-D55E-40BC-9F36-8D227C8CF7F3} = {17E1B304-D55E-40BC-9F36-8D227C8CF7F3}
		{A5E5EE79-6886-4218-BD5B-975789EA3C83} = {A5E5EE79-6886-4218-BD5B-975789EA3C83}
	EndProjectSection
EndProject
Global
	GlobalSection(SolutionConfiguration) = preSolution
		Debug = Debug
		Release = Release
	EndGlobalSection
	GlobalSection(ProjectDependencies) = postSolution
	EndGlobalSection
	GlobalSection(ProjectConfiguration) = postSolution
		{7349EBA3-FD1D-4182-BEA2-EB431808D49F}.Debug.ActiveCfg = Debug|Win32
		{7349EBA3-FD1D-4182-BEA2-EB431808D49F}.Debug.Build.0 = Debug|Win32
		{7349EBA3-FD1D-4182-BEA2-EB431808D49F}.Release.ActiveCfg = Release|Win32
		{7349EBA3-FD1D-4182-BEA2-EB431808D49F}.Release.Build.0 = Release|Win32
		{A5E5EE79-6886-4218-BD5B-975789EA3C83}.Debug.ActiveCfg = Debug|Win32
		{A5E5EE79-6886-4218-BD5B-975789EA3C83}.Debug.Build.0 = Debug|Win32
		{A5E5EE79-6886-4218-BD5B-975789EA3C83}.Release.ActiveCfg = Release|Win32
		{A5E5EE79-6886-4218-BD5B-975789EA3C83}.Release.Build.0 = Release|Win32
		{28FA31D3-7179-4719-B706-E9A2AB2A4868}.Debug.ActiveCfg = Debug|Win32
		{28FA31D3-7179-4719-B706-E9A2AB2A4868}.Debug.Build.0 = Debug|Win32
		{28FA31D3-7179-4719-B706-E9A2AB2A4868}.Release.ActiveCfg = Release|Win32
		{28FA31D3-7179-4719-B706-E9A2AB2A4868}.Release.Build.0 = Release|Win32
		{17E1B304-D55E-40BC-9F36-8D227C8CF7F3}.Debug.ActiveCfg = Debug|Win32
		{17E1B304-D55E-40BC-9F36-8D227C8CF7F3}.Debug.Build.0 = Debug|Win32
		{17E1B304-D55E-40BC-9F36-8D227C8CF7F3}.Release.ActiveCfg = Release|Win32
		{17E1B304-D55E-40BC-9F36-8D227C8CF7F3}.Release.Build.0 = Release|Win32
		{B9E97051-412B-4147-83A1-093138F00AE7}.Debug.ActiveCfg = Debug|Win32
		{B9E97051-412B-4147-83A1-093138F00AE7}.Debug.Build.0 = Debug|Win32
		{B9E97051-412B-4147-83A1-093138F00AE7}.Release.ActiveCfg = Release|Win32
		{B9E97051-412B-4147-83A1-093138F00AE7}.Release.Build.0 = Release|Win32
	EndGlobalSection
	GlobalSection(ExtensibilityGlobals) = postSolution
	EndGlobalSection
	GlobalSection(ExtensibilityAddIns) = postSolution
	EndGlobalSection
EndGlobal
