
Microsoft Visual Studio Solution File, Format Version 11.00
# Visual Studio 2010
Project("{8BC9CEB8-8B4A-11D0-8D11-00A0C91BC942}") = "base", "base\base.vcxproj", "{4B3614A9-4CF5-4C14-9F71-4254B7988324}"
EndProject
Project("{8BC9CEB8-8B4A-11D0-8D11-00A0C91BC942}") = "testbase", "testbase\testbase.vcxproj", "{775830D7-7FD4-401B-B650-01376DE4D192}"
	ProjectSection(ProjectDependencies) = postProject
		{4B3614A9-4CF5-4C14-9F71-4254B7988324} = {4B3614A9-4CF5-4C14-9F71-4254B7988324}
	EndProjectSection
EndProject
Project("{8BC9CEB8-8B4A-11D0-8D11-00A0C91BC942}") = "graphics", "graphics\graphics.vcxproj", "{9B9F3907-0C54-4FF4-AAF3-8FDA3496DB88}"
	ProjectSection(ProjectDependencies) = postProject
		{4B3614A9-4CF5-4C14-9F71-4254B7988324} = {4B3614A9-4CF5-4C14-9F71-4254B7988324}
	EndProjectSection
EndProject
Project("{8BC9CEB8-8B4A-11D0-8D11-00A0C91BC942}") = "testgraphics", "testgraphics\testgraphics.vcxproj", "{C8174AA7-D062-4337-B740-90460C16FD86}"
	ProjectSection(ProjectDependencies) = postProject
		{9B9F3907-0C54-4FF4-AAF3-8FDA3496DB88} = {9B9F3907-0C54-4FF4-AAF3-8FDA3496DB88}
		{4B3614A9-4CF5-4C14-9F71-4254B7988324} = {4B3614A9-4CF5-4C14-9F71-4254B7988324}
	EndProjectSection
EndProject
Project("{8BC9CEB8-8B4A-11D0-8D11-00A0C91BC942}") = "testgpu", "testgpu\testgpu.vcxproj", "{C7F16268-E53F-4E2C-A283-0475EA113745}"
	ProjectSection(ProjectDependencies) = postProject
		{9B9F3907-0C54-4FF4-AAF3-8FDA3496DB88} = {9B9F3907-0C54-4FF4-AAF3-8FDA3496DB88}
		{4B3614A9-4CF5-4C14-9F71-4254B7988324} = {4B3614A9-4CF5-4C14-9F71-4254B7988324}
	EndProjectSection
EndProject
Project("{8BC9CEB8-8B4A-11D0-8D11-00A0C91BC942}") = "audio", "audio\audio.vcxproj", "{D0C1A58C-BF0E-4F88-885A-65444A23516E}"
	ProjectSection(ProjectDependencies) = postProject
		{4B3614A9-4CF5-4C14-9F71-4254B7988324} = {4B3614A9-4CF5-4C14-9F71-4254B7988324}
	EndProjectSection
EndProject
Project("{8BC9CEB8-8B4A-11D0-8D11-00A0C91BC942}") = "testlimiter", "testlimiter\testlimiter.vcxproj", "{3D8F042E-55B5-40D9-818A-C51B3D2A6368}"
	ProjectSection(ProjectDependencies) = postProject
		{D0C1A58C-BF0E-4F88-885A-65444A23516E} = {D0C1A58C-BF0E-4F88-885A-65444A23516E}
		{4B3614A9-4CF5-4C14-9F71-4254B7988324} = {4B3614A9-4CF5-4C14-9F71-4254B7988324}
	EndProjectSection
EndProject
Project("{8BC9CEB8-8B4A-11D0-8D11-00A0C91BC942}") = "imaging", "imaging\imaging.vcxproj", "{669BEA02-213C-4387-B384-3B1CE60EA647}"
	ProjectSection(ProjectDependencies) = postProject
		{9B9F3907-0C54-4FF4-AAF3-8FDA3496DB88} = {9B9F3907-0C54-4FF4-AAF3-8FDA3496DB88}
		{4B3614A9-4CF5-4C14-9F71-4254B7988324} = {4B3614A9-4CF5-4C14-9F71-4254B7988324}
	EndProjectSection
EndProject
Project("{8BC9CEB8-8B4A-11D0-8D11-00A0C91BC942}") = "testimaging", "testimaging\testimaging.vcxproj", "{B2ED4D82-E0C8-482E-93CD-B3546EDC9D56}"
	ProjectSection(ProjectDependencies) = postProject
		{669BEA02-213C-4387-B384-3B1CE60EA647} = {669BEA02-213C-4387-B384-3B1CE60EA647}
		{9B9F3907-0C54-4FF4-AAF3-8FDA3496DB88} = {9B9F3907-0C54-4FF4-AAF3-8FDA3496DB88}
		{4B3614A9-4CF5-4C14-9F71-4254B7988324} = {4B3614A9-4CF5-4C14-9F71-4254B7988324}
	EndProjectSection
EndProject
Project("{8BC9CEB8-8B4A-11D0-8D11-00A0C91BC942}") = "lmfit", "lmfit\lmfit.vcxproj", "{8B473FDD-CC57-453D-A037-107D8E8C4E8C}"
EndProject
Project("{8BC9CEB8-8B4A-11D0-8D11-00A0C91BC942}") = "video", "video\video.vcxproj", "{016C3620-D5BD-4138-97E4-C0AD38E32EB2}"
	ProjectSection(ProjectDependencies) = postProject
		{9B9F3907-0C54-4FF4-AAF3-8FDA3496DB88} = {9B9F3907-0C54-4FF4-AAF3-8FDA3496DB88}
		{D0C1A58C-BF0E-4F88-885A-65444A23516E} = {D0C1A58C-BF0E-4F88-885A-65444A23516E}
		{4B3614A9-4CF5-4C14-9F71-4254B7988324} = {4B3614A9-4CF5-4C14-9F71-4254B7988324}
	EndProjectSection
EndProject
Project("{8BC9CEB8-8B4A-11D0-8D11-00A0C91BC942}") = "testvideo", "testvideo\testvideo.vcxproj", "{9247BEBF-91E4-4AEE-989C-94A9D731E9ED}"
	ProjectSection(ProjectDependencies) = postProject
		{9B9F3907-0C54-4FF4-AAF3-8FDA3496DB88} = {9B9F3907-0C54-4FF4-AAF3-8FDA3496DB88}
		{016C3620-D5BD-4138-97E4-C0AD38E32EB2} = {016C3620-D5BD-4138-97E4-C0AD38E32EB2}
		{D0C1A58C-BF0E-4F88-885A-65444A23516E} = {D0C1A58C-BF0E-4F88-885A-65444A23516E}
		{4B3614A9-4CF5-4C14-9F71-4254B7988324} = {4B3614A9-4CF5-4C14-9F71-4254B7988324}
	EndProjectSection
EndProject
Project("{8BC9CEB8-8B4A-11D0-8D11-00A0C91BC942}") = "player", "player\player.vcxproj", "{545732F5-BD6B-4C05-9A9B-4D6D0C31BD13}"
	ProjectSection(ProjectDependencies) = postProject
		{669BEA02-213C-4387-B384-3B1CE60EA647} = {669BEA02-213C-4387-B384-3B1CE60EA647}
		{9B9F3907-0C54-4FF4-AAF3-8FDA3496DB88} = {9B9F3907-0C54-4FF4-AAF3-8FDA3496DB88}
		{016C3620-D5BD-4138-97E4-C0AD38E32EB2} = {016C3620-D5BD-4138-97E4-C0AD38E32EB2}
		{D0C1A58C-BF0E-4F88-885A-65444A23516E} = {D0C1A58C-BF0E-4F88-885A-65444A23516E}
		{4B3614A9-4CF5-4C14-9F71-4254B7988324} = {4B3614A9-4CF5-4C14-9F71-4254B7988324}
		{7BA3D8D4-985D-4070-91B4-AC442C4ADE27} = {7BA3D8D4-985D-4070-91B4-AC442C4ADE27}
		{8B473FDD-CC57-453D-A037-107D8E8C4E8C} = {8B473FDD-CC57-453D-A037-107D8E8C4E8C}
	EndProjectSection
EndProject
Project("{8BC9CEB8-8B4A-11D0-8D11-00A0C91BC942}") = "testplayer", "testplayer\testplayer.vcxproj", "{3FBD021A-344A-459A-A3DD-234AFCC17808}"
	ProjectSection(ProjectDependencies) = postProject
		{669BEA02-213C-4387-B384-3B1CE60EA647} = {669BEA02-213C-4387-B384-3B1CE60EA647}
		{9B9F3907-0C54-4FF4-AAF3-8FDA3496DB88} = {9B9F3907-0C54-4FF4-AAF3-8FDA3496DB88}
		{016C3620-D5BD-4138-97E4-C0AD38E32EB2} = {016C3620-D5BD-4138-97E4-C0AD38E32EB2}
		{D0C1A58C-BF0E-4F88-885A-65444A23516E} = {D0C1A58C-BF0E-4F88-885A-65444A23516E}
		{4B3614A9-4CF5-4C14-9F71-4254B7988324} = {4B3614A9-4CF5-4C14-9F71-4254B7988324}
		{8B473FDD-CC57-453D-A037-107D8E8C4E8C} = {8B473FDD-CC57-453D-A037-107D8E8C4E8C}
		{545732F5-BD6B-4C05-9A9B-4D6D0C31BD13} = {545732F5-BD6B-4C05-9A9B-4D6D0C31BD13}
	EndProjectSection
EndProject
Project("{8BC9CEB8-8B4A-11D0-8D11-00A0C91BC942}") = "oscpack", "oscpack\oscpack.vcxproj", "{7BA3D8D4-985D-4070-91B4-AC442C4ADE27}"
EndProject
Project("{8BC9CEB8-8B4A-11D0-8D11-00A0C91BC942}") = "wrapper", "wrapper\wrapper.vcxproj", "{0AFC225A-A1CF-463E-A516-BF9A0D2F554B}"
	ProjectSection(ProjectDependencies) = postProject
		{545732F5-BD6B-4C05-9A9B-4D6D0C31BD13} = {545732F5-BD6B-4C05-9A9B-4D6D0C31BD13}
		{A8BAD8F9-6DAA-4C23-9AD8-55552A6B8D4E} = {A8BAD8F9-6DAA-4C23-9AD8-55552A6B8D4E}
	EndProjectSection
EndProject
Project("{8BC9CEB8-8B4A-11D0-8D11-00A0C91BC942}") = "anim", "anim\anim.vcxproj", "{A8BAD8F9-6DAA-4C23-9AD8-55552A6B8D4E}"
	ProjectSection(ProjectDependencies) = postProject
		{545732F5-BD6B-4C05-9A9B-4D6D0C31BD13} = {545732F5-BD6B-4C05-9A9B-4D6D0C31BD13}
	EndProjectSection
EndProject
Project("{8BC9CEB8-8B4A-11D0-8D11-00A0C91BC942}") = "testplugin", "testplugin\testplugin.vcxproj", "{B51101B0-9DFF-40D0-AFC1-5E41E67C0F73}"
	ProjectSection(ProjectDependencies) = postProject
		{0AFC225A-A1CF-463E-A516-BF9A0D2F554B} = {0AFC225A-A1CF-463E-A516-BF9A0D2F554B}
	EndProjectSection
EndProject
Global
	GlobalSection(SolutionConfigurationPlatforms) = preSolution
		Debug|Win32 = Debug|Win32
		Release|Win32 = Release|Win32
	EndGlobalSection
	GlobalSection(ProjectConfigurationPlatforms) = postSolution
		{4B3614A9-4CF5-4C14-9F71-4254B7988324}.Debug|Win32.ActiveCfg = Debug|Win32
		{4B3614A9-4CF5-4C14-9F71-4254B7988324}.Debug|Win32.Build.0 = Debug|Win32
		{4B3614A9-4CF5-4C14-9F71-4254B7988324}.Release|Win32.ActiveCfg = Release|Win32
		{4B3614A9-4CF5-4C14-9F71-4254B7988324}.Release|Win32.Build.0 = Release|Win32
		{775830D7-7FD4-401B-B650-01376DE4D192}.Debug|Win32.ActiveCfg = Debug|Win32
		{775830D7-7FD4-401B-B650-01376DE4D192}.Debug|Win32.Build.0 = Debug|Win32
		{775830D7-7FD4-401B-B650-01376DE4D192}.Release|Win32.ActiveCfg = Release|Win32
		{775830D7-7FD4-401B-B650-01376DE4D192}.Release|Win32.Build.0 = Release|Win32
		{9B9F3907-0C54-4FF4-AAF3-8FDA3496DB88}.Debug|Win32.ActiveCfg = Debug|Win32
		{9B9F3907-0C54-4FF4-AAF3-8FDA3496DB88}.Debug|Win32.Build.0 = Debug|Win32
		{9B9F3907-0C54-4FF4-AAF3-8FDA3496DB88}.Release|Win32.ActiveCfg = Release|Win32
		{9B9F3907-0C54-4FF4-AAF3-8FDA3496DB88}.Release|Win32.Build.0 = Release|Win32
		{C8174AA7-D062-4337-B740-90460C16FD86}.Debug|Win32.ActiveCfg = Debug|Win32
		{C8174AA7-D062-4337-B740-90460C16FD86}.Debug|Win32.Build.0 = Debug|Win32
		{C8174AA7-D062-4337-B740-90460C16FD86}.Release|Win32.ActiveCfg = Release|Win32
		{C8174AA7-D062-4337-B740-90460C16FD86}.Release|Win32.Build.0 = Release|Win32
		{C7F16268-E53F-4E2C-A283-0475EA113745}.Debug|Win32.ActiveCfg = Debug|Win32
		{C7F16268-E53F-4E2C-A283-0475EA113745}.Debug|Win32.Build.0 = Debug|Win32
		{C7F16268-E53F-4E2C-A283-0475EA113745}.Release|Win32.ActiveCfg = Release|Win32
		{C7F16268-E53F-4E2C-A283-0475EA113745}.Release|Win32.Build.0 = Release|Win32
		{D0C1A58C-BF0E-4F88-885A-65444A23516E}.Debug|Win32.ActiveCfg = Debug|Win32
		{D0C1A58C-BF0E-4F88-885A-65444A23516E}.Debug|Win32.Build.0 = Debug|Win32
		{D0C1A58C-BF0E-4F88-885A-65444A23516E}.Release|Win32.ActiveCfg = Release|Win32
		{D0C1A58C-BF0E-4F88-885A-65444A23516E}.Release|Win32.Build.0 = Release|Win32
		{3D8F042E-55B5-40D9-818A-C51B3D2A6368}.Debug|Win32.ActiveCfg = Debug|Win32
		{3D8F042E-55B5-40D9-818A-C51B3D2A6368}.Debug|Win32.Build.0 = Debug|Win32
		{3D8F042E-55B5-40D9-818A-C51B3D2A6368}.Release|Win32.ActiveCfg = Release|Win32
		{3D8F042E-55B5-40D9-818A-C51B3D2A6368}.Release|Win32.Build.0 = Release|Win32
		{669BEA02-213C-4387-B384-3B1CE60EA647}.Debug|Win32.ActiveCfg = Debug|Win32
		{669BEA02-213C-4387-B384-3B1CE60EA647}.Debug|Win32.Build.0 = Debug|Win32
		{669BEA02-213C-4387-B384-3B1CE60EA647}.Release|Win32.ActiveCfg = Release|Win32
		{669BEA02-213C-4387-B384-3B1CE60EA647}.Release|Win32.Build.0 = Release|Win32
		{B2ED4D82-E0C8-482E-93CD-B3546EDC9D56}.Debug|Win32.ActiveCfg = Debug|Win32
		{B2ED4D82-E0C8-482E-93CD-B3546EDC9D56}.Debug|Win32.Build.0 = Debug|Win32
		{B2ED4D82-E0C8-482E-93CD-B3546EDC9D56}.Release|Win32.ActiveCfg = Release|Win32
		{B2ED4D82-E0C8-482E-93CD-B3546EDC9D56}.Release|Win32.Build.0 = Release|Win32
		{8B473FDD-CC57-453D-A037-107D8E8C4E8C}.Debug|Win32.ActiveCfg = Debug|Win32
		{8B473FDD-CC57-453D-A037-107D8E8C4E8C}.Debug|Win32.Build.0 = Debug|Win32
		{8B473FDD-CC57-453D-A037-107D8E8C4E8C}.Release|Win32.ActiveCfg = Release|Win32
		{8B473FDD-CC57-453D-A037-107D8E8C4E8C}.Release|Win32.Build.0 = Release|Win32
		{016C3620-D5BD-4138-97E4-C0AD38E32EB2}.Debug|Win32.ActiveCfg = Debug|Win32
		{016C3620-D5BD-4138-97E4-C0AD38E32EB2}.Debug|Win32.Build.0 = Debug|Win32
		{016C3620-D5BD-4138-97E4-C0AD38E32EB2}.Release|Win32.ActiveCfg = Release|Win32
		{016C3620-D5BD-4138-97E4-C0AD38E32EB2}.Release|Win32.Build.0 = Release|Win32
		{9247BEBF-91E4-4AEE-989C-94A9D731E9ED}.Debug|Win32.ActiveCfg = Debug|Win32
		{9247BEBF-91E4-4AEE-989C-94A9D731E9ED}.Debug|Win32.Build.0 = Debug|Win32
		{9247BEBF-91E4-4AEE-989C-94A9D731E9ED}.Release|Win32.ActiveCfg = Release|Win32
		{9247BEBF-91E4-4AEE-989C-94A9D731E9ED}.Release|Win32.Build.0 = Release|Win32
		{545732F5-BD6B-4C05-9A9B-4D6D0C31BD13}.Debug|Win32.ActiveCfg = Debug|Win32
		{545732F5-BD6B-4C05-9A9B-4D6D0C31BD13}.Debug|Win32.Build.0 = Debug|Win32
		{545732F5-BD6B-4C05-9A9B-4D6D0C31BD13}.Release|Win32.ActiveCfg = Release|Win32
		{545732F5-BD6B-4C05-9A9B-4D6D0C31BD13}.Release|Win32.Build.0 = Release|Win32
		{3FBD021A-344A-459A-A3DD-234AFCC17808}.Debug|Win32.ActiveCfg = Debug|Win32
		{3FBD021A-344A-459A-A3DD-234AFCC17808}.Debug|Win32.Build.0 = Debug|Win32
		{3FBD021A-344A-459A-A3DD-234AFCC17808}.Release|Win32.ActiveCfg = Release|Win32
		{3FBD021A-344A-459A-A3DD-234AFCC17808}.Release|Win32.Build.0 = Release|Win32
		{7BA3D8D4-985D-4070-91B4-AC442C4ADE27}.Debug|Win32.ActiveCfg = Debug|Win32
		{7BA3D8D4-985D-4070-91B4-AC442C4ADE27}.Debug|Win32.Build.0 = Debug|Win32
		{7BA3D8D4-985D-4070-91B4-AC442C4ADE27}.Release|Win32.ActiveCfg = Release|Win32
		{7BA3D8D4-985D-4070-91B4-AC442C4ADE27}.Release|Win32.Build.0 = Release|Win32
		{0AFC225A-A1CF-463E-A516-BF9A0D2F554B}.Debug|Win32.ActiveCfg = Debug|Win32
		{0AFC225A-A1CF-463E-A516-BF9A0D2F554B}.Debug|Win32.Build.0 = Debug|Win32
		{0AFC225A-A1CF-463E-A516-BF9A0D2F554B}.Release|Win32.ActiveCfg = Release|Win32
		{0AFC225A-A1CF-463E-A516-BF9A0D2F554B}.Release|Win32.Build.0 = Release|Win32
		{A8BAD8F9-6DAA-4C23-9AD8-55552A6B8D4E}.Debug|Win32.ActiveCfg = Debug|Win32
		{A8BAD8F9-6DAA-4C23-9AD8-55552A6B8D4E}.Debug|Win32.Build.0 = Debug|Win32
		{A8BAD8F9-6DAA-4C23-9AD8-55552A6B8D4E}.Release|Win32.ActiveCfg = Release|Win32
		{A8BAD8F9-6DAA-4C23-9AD8-55552A6B8D4E}.Release|Win32.Build.0 = Release|Win32
		{B51101B0-9DFF-40D0-AFC1-5E41E67C0F73}.Debug|Win32.ActiveCfg = Debug|Win32
		{B51101B0-9DFF-40D0-AFC1-5E41E67C0F73}.Debug|Win32.Build.0 = Debug|Win32
		{B51101B0-9DFF-40D0-AFC1-5E41E67C0F73}.Release|Win32.ActiveCfg = Release|Win32
		{B51101B0-9DFF-40D0-AFC1-5E41E67C0F73}.Release|Win32.Build.0 = Release|Win32
	EndGlobalSection
	GlobalSection(SolutionProperties) = preSolution
		HideSolutionNode = FALSE
	EndGlobalSection
EndGlobal
