
Microsoft Visual Studio Solution File, Format Version 11.00
# Visual Studio 2010
Project("{8BC9CEB8-8B4A-11D0-8D11-00A0C91BC942}") = "base", "base\base.vcxproj", "{4B3614A9-4CF5-4C14-9F71-4254B7988324}"
EndProject
Project("{8BC9CEB8-8B4A-11D0-8D11-00A0C91BC942}") = "testbase", "testbase\testbase.vcxproj", "{775830D7-7FD4-401B-B650-01376DE4D192}"
	ProjectSection(ProjectDependencies) = postProject
		{4B3614A9-4CF5-4C14-9F71-4254B7988324} = {4B3614A9-4CF5-4C14-9F71-4254B7988324}
	EndProjectSection
EndProject
Project("{8BC9CEB8-8B4A-11D0-8D11-00A0C91BC942}") = "graphics", "graphics\graphics.vcxproj", "{9B9F3907-0C54-4FF4-AAF3-8FDA3496DB88}"
	ProjectSection(ProjectDependencies) = postProject
		{4B3614A9-4CF5-4C14-9F71-4254B7988324} = {4B3614A9-4CF5-4C14-9F71-4254B7988324}
	EndProjectSection
EndProject
Project("{8BC9CEB8-8B4A-11D0-8D11-00A0C91BC942}") = "testgraphics", "testgraphics\testgraphics.vcxproj", "{C8174AA7-D062-4337-B740-90460C16FD86}"
	ProjectSection(ProjectDependencies) = postProject
		{9B9F3907-0C54-4FF4-AAF3-8FDA3496DB88} = {9B9F3907-0C54-4FF4-AAF3-8FDA3496DB88}
		{4B3614A9-4CF5-4C14-9F71-4254B7988324} = {4B3614A9-4CF5-4C14-9F71-4254B7988324}
	EndProjectSection
EndProject
Project("{8BC9CEB8-8B4A-11D0-8D11-00A0C91BC942}") = "testgpu", "testgpu\testgpu.vcxproj", "{C7F16268-E53F-4E2C-A283-0475EA113745}"
	ProjectSection(ProjectDependencies) = postProject
		{9B9F3907-0C54-4FF4-AAF3-8FDA3496DB88} = {9B9F3907-0C54-4FF4-AAF3-8FDA3496DB88}
		{4B3614A9-4CF5-4C14-9F71-4254B7988324} = {4B3614A9-4CF5-4C14-9F71-4254B7988324}
	EndProjectSection
EndProject
Global
	GlobalSection(SolutionConfigurationPlatforms) = preSolution
		Debug|Win32 = Debug|Win32
		Release|Win32 = Release|Win32
	EndGlobalSection
	GlobalSection(ProjectConfigurationPlatforms) = postSolution
		{4B3614A9-4CF5-4C14-9F71-4254B7988324}.Debug|Win32.ActiveCfg = Debug|Win32
		{4B3614A9-4CF5-4C14-9F71-4254B7988324}.Debug|Win32.Build.0 = Debug|Win32
		{4B3614A9-4CF5-4C14-9F71-4254B7988324}.Release|Win32.ActiveCfg = Release|Win32
		{4B3614A9-4CF5-4C14-9F71-4254B7988324}.Release|Win32.Build.0 = Release|Win32
		{775830D7-7FD4-401B-B650-01376DE4D192}.Debug|Win32.ActiveCfg = Debug|Win32
		{775830D7-7FD4-401B-B650-01376DE4D192}.Debug|Win32.Build.0 = Debug|Win32
		{775830D7-7FD4-401B-B650-01376DE4D192}.Release|Win32.ActiveCfg = Release|Win32
		{775830D7-7FD4-401B-B650-01376DE4D192}.Release|Win32.Build.0 = Release|Win32
		{9B9F3907-0C54-4FF4-AAF3-8FDA3496DB88}.Debug|Win32.ActiveCfg = Debug|Win32
		{9B9F3907-0C54-4FF4-AAF3-8FDA3496DB88}.Debug|Win32.Build.0 = Debug|Win32
		{9B9F3907-0C54-4FF4-AAF3-8FDA3496DB88}.Release|Win32.ActiveCfg = Release|Win32
		{9B9F3907-0C54-4FF4-AAF3-8FDA3496DB88}.Release|Win32.Build.0 = Release|Win32
		{C8174AA7-D062-4337-B740-90460C16FD86}.Debug|Win32.ActiveCfg = Debug|Win32
		{C8174AA7-D062-4337-B740-90460C16FD86}.Debug|Win32.Build.0 = Debug|Win32
		{C8174AA7-D062-4337-B740-90460C16FD86}.Release|Win32.ActiveCfg = Release|Win32
		{C8174AA7-D062-4337-B740-90460C16FD86}.Release|Win32.Build.0 = Release|Win32
		{C7F16268-E53F-4E2C-A283-0475EA113745}.Debug|Win32.ActiveCfg = Debug|Win32
		{C7F16268-E53F-4E2C-A283-0475EA113745}.Debug|Win32.Build.0 = Debug|Win32
		{C7F16268-E53F-4E2C-A283-0475EA113745}.Release|Win32.ActiveCfg = Release|Win32
		{C7F16268-E53F-4E2C-A283-0475EA113745}.Release|Win32.Build.0 = Release|Win32
	EndGlobalSection
	GlobalSection(SolutionProperties) = preSolution
		HideSolutionNode = FALSE
	EndGlobalSection
EndGlobal
